
Microsoft Visual Studio Solution File, Format Version 12.00
# Visual Studio Version 17
VisualStudioVersion = 17.7.34221.43
MinimumVisualStudioVersion = 10.0.40219.1
Project("{FAE04EC0-301F-11D3-BF4B-00C04F79EFBC}") = "TodoList.BLL", "TodoList.BLL\TodoList.BLL.csproj", "{0C10E468-DE2C-4AC7-815E-011BBDC1BBAC}"
EndProject
Project("{FAE04EC0-301F-11D3-BF4B-00C04F79EFBC}") = "TodoList.DAL", "TodoList.DAL\TodoList.DAL.csproj", "{CE544228-C92A-4B07-AB4B-2CBE64BAE2F7}"
EndProject
Project("{FAE04EC0-301F-11D3-BF4B-00C04F79EFBC}") = "TodoList.Common", "TodoList.Common\TodoList.Common.csproj", "{9B43FA6F-95FB-48BB-B75A-4857AF8A9941}"
EndProject
Project("{FAE04EC0-301F-11D3-BF4B-00C04F79EFBC}") = "TodoList.WebAPI", "TodoList.WebAPI\TodoList.WebAPI.csproj", "{8EE47BF9-34A1-4CD4-A251-BA721EA5D7B9}"
EndProject
Global
	GlobalSection(SolutionConfigurationPlatforms) = preSolution
		Debug|Any CPU = Debug|Any CPU
		Release|Any CPU = Release|Any CPU
	EndGlobalSection
	GlobalSection(ProjectConfigurationPlatforms) = postSolution
		{0C10E468-DE2C-4AC7-815E-011BBDC1BBAC}.Debug|Any CPU.ActiveCfg = Debug|Any CPU
		{0C10E468-DE2C-4AC7-815E-011BBDC1BBAC}.Debug|Any CPU.Build.0 = Debug|Any CPU
		{0C10E468-DE2C-4AC7-815E-011BBDC1BBAC}.Release|Any CPU.ActiveCfg = Release|Any CPU
		{0C10E468-DE2C-4AC7-815E-011BBDC1BBAC}.Release|Any CPU.Build.0 = Release|Any CPU
		{CE544228-C92A-4B07-AB4B-2CBE64BAE2F7}.Debug|Any CPU.ActiveCfg = Debug|Any CPU
		{CE544228-C92A-4B07-AB4B-2CBE64BAE2F7}.Debug|Any CPU.Build.0 = Debug|Any CPU
		{CE544228-C92A-4B07-AB4B-2CBE64BAE2F7}.Release|Any CPU.ActiveCfg = Release|Any CPU
		{CE544228-C92A-4B07-AB4B-2CBE64BAE2F7}.Release|Any CPU.Build.0 = Release|Any CPU
		{9B43FA6F-95FB-48BB-B75A-4857AF8A9941}.Debug|Any CPU.ActiveCfg = Debug|Any CPU
		{9B43FA6F-95FB-48BB-B75A-4857AF8A9941}.Debug|Any CPU.Build.0 = Debug|Any CPU
		{9B43FA6F-95FB-48BB-B75A-4857AF8A9941}.Release|Any CPU.ActiveCfg = Release|Any CPU
		{9B43FA6F-95FB-48BB-B75A-4857AF8A9941}.Release|Any CPU.Build.0 = Release|Any CPU
		{8EE47BF9-34A1-4CD4-A251-BA721EA5D7B9}.Debug|Any CPU.ActiveCfg = Debug|Any CPU
		{8EE47BF9-34A1-4CD4-A251-BA721EA5D7B9}.Debug|Any CPU.Build.0 = Debug|Any CPU
		{8EE47BF9-34A1-4CD4-A251-BA721EA5D7B9}.Release|Any CPU.ActiveCfg = Release|Any CPU
		{8EE47BF9-34A1-4CD4-A251-BA721EA5D7B9}.Release|Any CPU.Build.0 = Release|Any CPU
	EndGlobalSection
	GlobalSection(SolutionProperties) = preSolution
		HideSolutionNode = FALSE
	EndGlobalSection
	GlobalSection(ExtensibilityGlobals) = postSolution
		SolutionGuid = {242A6425-AE8F-4ADD-808E-DDD40A666FA3}
	EndGlobalSection
EndGlobal
